
Microsoft Visual Studio Solution File, Format Version 12.00
# Visual Studio Version 16
VisualStudioVersion = 16.0.30114.105
MinimumVisualStudioVersion = 10.0.40219.1
Project("{FAE04EC0-301F-11D3-BF4B-00C04F79EFBC}") = "HelloWorld", "HelloWorld\HelloWorld.csproj", "{7FA360E5-3002-4203-B1D0-78CEB7A32BAB}"
EndProject
Project("{FAE04EC0-301F-11D3-BF4B-00C04F79EFBC}") = "HelloWorld.tests", "HelloWorld.tests\HelloWorld.tests.csproj", "{2AAF6684-C696-4607-B286-D4A1CF07B0B6}"
EndProject
Global
	GlobalSection(SolutionProperties) = preSolution
		HideSolutionNode = FALSE
	EndGlobalSection
	GlobalSection(SolutionConfigurationPlatforms) = preSolution
		Debug|Any CPU = Debug|Any CPU
		Debug|x64 = Debug|x64
		Debug|x86 = Debug|x86
		Release|Any CPU = Release|Any CPU
		Release|x64 = Release|x64
		Release|x86 = Release|x86
	EndGlobalSection
	GlobalSection(ProjectConfigurationPlatforms) = postSolution
		{7FA360E5-3002-4203-B1D0-78CEB7A32BAB}.Debug|Any CPU.ActiveCfg = Debug|Any CPU
		{7FA360E5-3002-4203-B1D0-78CEB7A32BAB}.Debug|Any CPU.Build.0 = Debug|Any CPU
		{7FA360E5-3002-4203-B1D0-78CEB7A32BAB}.Debug|x64.ActiveCfg = Debug|Any CPU
		{7FA360E5-3002-4203-B1D0-78CEB7A32BAB}.Debug|x64.Build.0 = Debug|Any CPU
		{7FA360E5-3002-4203-B1D0-78CEB7A32BAB}.Debug|x86.ActiveCfg = Debug|Any CPU
		{7FA360E5-3002-4203-B1D0-78CEB7A32BAB}.Debug|x86.Build.0 = Debug|Any CPU
		{7FA360E5-3002-4203-B1D0-78CEB7A32BAB}.Release|Any CPU.ActiveCfg = Release|Any CPU
		{7FA360E5-3002-4203-B1D0-78CEB7A32BAB}.Release|Any CPU.Build.0 = Release|Any CPU
		{7FA360E5-3002-4203-B1D0-78CEB7A32BAB}.Release|x64.ActiveCfg = Release|Any CPU
		{7FA360E5-3002-4203-B1D0-78CEB7A32BAB}.Release|x64.Build.0 = Release|Any CPU
		{7FA360E5-3002-4203-B1D0-78CEB7A32BAB}.Release|x86.ActiveCfg = Release|Any CPU
		{7FA360E5-3002-4203-B1D0-78CEB7A32BAB}.Release|x86.Build.0 = Release|Any CPU
		{2AAF6684-C696-4607-B286-D4A1CF07B0B6}.Debug|Any CPU.ActiveCfg = Debug|Any CPU
		{2AAF6684-C696-4607-B286-D4A1CF07B0B6}.Debug|Any CPU.Build.0 = Debug|Any CPU
		{2AAF6684-C696-4607-B286-D4A1CF07B0B6}.Debug|x64.ActiveCfg = Debug|Any CPU
		{2AAF6684-C696-4607-B286-D4A1CF07B0B6}.Debug|x64.Build.0 = Debug|Any CPU
		{2AAF6684-C696-4607-B286-D4A1CF07B0B6}.Debug|x86.ActiveCfg = Debug|Any CPU
		{2AAF6684-C696-4607-B286-D4A1CF07B0B6}.Debug|x86.Build.0 = Debug|Any CPU
		{2AAF6684-C696-4607-B286-D4A1CF07B0B6}.Release|Any CPU.ActiveCfg = Release|Any CPU
		{2AAF6684-C696-4607-B286-D4A1CF07B0B6}.Release|Any CPU.Build.0 = Release|Any CPU
		{2AAF6684-C696-4607-B286-D4A1CF07B0B6}.Release|x64.ActiveCfg = Release|Any CPU
		{2AAF6684-C696-4607-B286-D4A1CF07B0B6}.Release|x64.Build.0 = Release|Any CPU
		{2AAF6684-C696-4607-B286-D4A1CF07B0B6}.Release|x86.ActiveCfg = Release|Any CPU
		{2AAF6684-C696-4607-B286-D4A1CF07B0B6}.Release|x86.Build.0 = Release|Any CPU
	EndGlobalSection
EndGlobal
